
Microsoft Visual Studio Solution File, Format Version 12.00
# Visual Studio Version 17
VisualStudioVersion = 17.14.36401.2 d17.14
MinimumVisualStudioVersion = 10.0.40219.1
Project("{FAE04EC0-301F-11D3-BF4B-00C04F79EFBC}") = "WpfApp3", "WpfApp3.csproj", "{6C9FF9C6-3D0F-4FAC-9B98-AB33DEFC4774}"
EndProject
Global
	GlobalSection(SolutionConfigurationPlatforms) = preSolution
		Debug|Any CPU = Debug|Any CPU
		Release|Any CPU = Release|Any CPU
	EndGlobalSection
	GlobalSection(ProjectConfigurationPlatforms) = postSolution
		{6C9FF9C6-3D0F-4FAC-9B98-AB33DEFC4774}.Debug|Any CPU.ActiveCfg = Debug|Any CPU
		{6C9FF9C6-3D0F-4FAC-9B98-AB33DEFC4774}.Debug|Any CPU.Build.0 = Debug|Any CPU
		{6C9FF9C6-3D0F-4FAC-9B98-AB33DEFC4774}.Release|Any CPU.ActiveCfg = Release|Any CPU
		{6C9FF9C6-3D0F-4FAC-9B98-AB33DEFC4774}.Release|Any CPU.Build.0 = Release|Any CPU
	EndGlobalSection
	GlobalSection(SolutionProperties) = preSolution
		HideSolutionNode = FALSE
	EndGlobalSection
	GlobalSection(ExtensibilityGlobals) = postSolution
		SolutionGuid = {27F5723B-3409-4F05-B386-0C3B53FFDC7F}
	EndGlobalSection
EndGlobal
